
Microsoft Visual Studio Solution File, Format Version 12.00
# Visual Studio Version 17
VisualStudioVersion = 17.4.33122.133
MinimumVisualStudioVersion = 10.0.40219.1
Project("{FAE04EC0-301F-11D3-BF4B-00C04F79EFBC}") = "HomeWork02-DAY04", "HomeWork02-DAY04\HomeWork02-DAY04.csproj", "{03B1E1AF-7C20-476B-B94F-CF0EA732CE0A}"
EndProject
Global
	GlobalSection(SolutionConfigurationPlatforms) = preSolution
		Debug|Any CPU = Debug|Any CPU
		Release|Any CPU = Release|Any CPU
	EndGlobalSection
	GlobalSection(ProjectConfigurationPlatforms) = postSolution
		{03B1E1AF-7C20-476B-B94F-CF0EA732CE0A}.Debug|Any CPU.ActiveCfg = Debug|Any CPU
		{03B1E1AF-7C20-476B-B94F-CF0EA732CE0A}.Debug|Any CPU.Build.0 = Debug|Any CPU
		{03B1E1AF-7C20-476B-B94F-CF0EA732CE0A}.Release|Any CPU.ActiveCfg = Release|Any CPU
		{03B1E1AF-7C20-476B-B94F-CF0EA732CE0A}.Release|Any CPU.Build.0 = Release|Any CPU
	EndGlobalSection
	GlobalSection(SolutionProperties) = preSolution
		HideSolutionNode = FALSE
	EndGlobalSection
	GlobalSection(ExtensibilityGlobals) = postSolution
		SolutionGuid = {8E273A72-B431-487F-BFF3-1C04ABEB21F2}
	EndGlobalSection
EndGlobal
